{
  "name": "41_51daiyan",
  "version": "1.0.0",
  "lockfileVersion": 1,
  "requires": true,
  "dependencies": {
    "mp-navigation-bar": {
      "version": "0.0.11",
      "resolved": "https://registry.npmjs.org/mp-navigation-bar/-/mp-navigation-bar-0.0.11.tgz",
      "integrity": "sha512-Ce7EJqFO33TUGycY1dB98PC5BxzLv5qak7st+a/ri+k4euIIcdbdoNLk2hOt8cdekSwADlwapTx49c/cqdcflQ=="
    },
    "weui-miniprogram": {
      "version": "1.0.3",
      "resolved": "https://registry.npmjs.org/weui-miniprogram/-/weui-miniprogram-1.0.3.tgz",
      "integrity": "sha512-b29QHJDbTzGG7+2WOQGKrZeRJ7dG7x5m4Ruqe7DXBDRcPHU9oKF6wZXnyVWF9pLk8PeOWxlnIjALbZVnN4blXw==",
      "dev": true
    }
  }
}
